
Microsoft Visual Studio Solution File, Format Version 12.00
# Visual Studio Version 17
VisualStudioVersion = 17.0.31903.59
MinimumVisualStudioVersion = 10.0.40219.1
Project("{FAE04EC0-301F-11D3-BF4B-00C04F79EFBC}") = "TravelAgencyFrontendAPI", "TravelAgencyFrontendAPI\TravelAgencyFrontendAPI.csproj", "{A61EDD90-2F9B-46A7-8714-D87AD1BA78C7}"
EndProject
Project("{FAE04EC0-301F-11D3-BF4B-00C04F79EFBC}") = "TravelAgency.Shared", "TravelAgency.Shared\TravelAgency.Shared.csproj", "{5797FFC1-96C6-4C7E-8838-FDD28891E9FF}"
EndProject
Project("{FAE04EC0-301F-11D3-BF4B-00C04F79EFBC}") = "TravelAgencyBackend", "TravelAgencyBackend\TravelAgencyBackend.csproj", "{3FB7BCB1-55B6-428D-AF21-952C10865C3C}"
EndProject
Project("{FAE04EC0-301F-11D3-BF4B-00C04F79EFBC}") = "ChatRoomMVC", "ChatRoomMVC\ChatRoomMVC.csproj", "{7661BA18-4670-4B68-BDB6-780EC39A4838}"
EndProject
Global
	GlobalSection(SolutionConfigurationPlatforms) = preSolution
		Debug|Any CPU = Debug|Any CPU
		Debug|x64 = Debug|x64
		Debug|x86 = Debug|x86
		Release|Any CPU = Release|Any CPU
		Release|x64 = Release|x64
		Release|x86 = Release|x86
	EndGlobalSection
	GlobalSection(ProjectConfigurationPlatforms) = postSolution
		{A61EDD90-2F9B-46A7-8714-D87AD1BA78C7}.Debug|Any CPU.ActiveCfg = Debug|Any CPU
		{A61EDD90-2F9B-46A7-8714-D87AD1BA78C7}.Debug|Any CPU.Build.0 = Debug|Any CPU
		{A61EDD90-2F9B-46A7-8714-D87AD1BA78C7}.Debug|x64.ActiveCfg = Debug|Any CPU
		{A61EDD90-2F9B-46A7-8714-D87AD1BA78C7}.Debug|x64.Build.0 = Debug|Any CPU
		{A61EDD90-2F9B-46A7-8714-D87AD1BA78C7}.Debug|x86.ActiveCfg = Debug|Any CPU
		{A61EDD90-2F9B-46A7-8714-D87AD1BA78C7}.Debug|x86.Build.0 = Debug|Any CPU
		{A61EDD90-2F9B-46A7-8714-D87AD1BA78C7}.Release|Any CPU.ActiveCfg = Release|Any CPU
		{A61EDD90-2F9B-46A7-8714-D87AD1BA78C7}.Release|Any CPU.Build.0 = Release|Any CPU
		{A61EDD90-2F9B-46A7-8714-D87AD1BA78C7}.Release|x64.ActiveCfg = Release|Any CPU
		{A61EDD90-2F9B-46A7-8714-D87AD1BA78C7}.Release|x64.Build.0 = Release|Any CPU
		{A61EDD90-2F9B-46A7-8714-D87AD1BA78C7}.Release|x86.ActiveCfg = Release|Any CPU
		{A61EDD90-2F9B-46A7-8714-D87AD1BA78C7}.Release|x86.Build.0 = Release|Any CPU
		{5797FFC1-96C6-4C7E-8838-FDD28891E9FF}.Debug|Any CPU.ActiveCfg = Debug|Any CPU
		{5797FFC1-96C6-4C7E-8838-FDD28891E9FF}.Debug|Any CPU.Build.0 = Debug|Any CPU
		{5797FFC1-96C6-4C7E-8838-FDD28891E9FF}.Debug|x64.ActiveCfg = Debug|Any CPU
		{5797FFC1-96C6-4C7E-8838-FDD28891E9FF}.Debug|x64.Build.0 = Debug|Any CPU
		{5797FFC1-96C6-4C7E-8838-FDD28891E9FF}.Debug|x86.ActiveCfg = Debug|Any CPU
		{5797FFC1-96C6-4C7E-8838-FDD28891E9FF}.Debug|x86.Build.0 = Debug|Any CPU
		{5797FFC1-96C6-4C7E-8838-FDD28891E9FF}.Release|Any CPU.ActiveCfg = Release|Any CPU
		{5797FFC1-96C6-4C7E-8838-FDD28891E9FF}.Release|Any CPU.Build.0 = Release|Any CPU
		{5797FFC1-96C6-4C7E-8838-FDD28891E9FF}.Release|x64.ActiveCfg = Release|Any CPU
		{5797FFC1-96C6-4C7E-8838-FDD28891E9FF}.Release|x64.Build.0 = Release|Any CPU
		{5797FFC1-96C6-4C7E-8838-FDD28891E9FF}.Release|x86.ActiveCfg = Release|Any CPU
		{5797FFC1-96C6-4C7E-8838-FDD28891E9FF}.Release|x86.Build.0 = Release|Any CPU
		{3FB7BCB1-55B6-428D-AF21-952C10865C3C}.Debug|Any CPU.ActiveCfg = Debug|Any CPU
		{3FB7BCB1-55B6-428D-AF21-952C10865C3C}.Debug|Any CPU.Build.0 = Debug|Any CPU
		{3FB7BCB1-55B6-428D-AF21-952C10865C3C}.Debug|x64.ActiveCfg = Debug|Any CPU
		{3FB7BCB1-55B6-428D-AF21-952C10865C3C}.Debug|x64.Build.0 = Debug|Any CPU
		{3FB7BCB1-55B6-428D-AF21-952C10865C3C}.Debug|x86.ActiveCfg = Debug|Any CPU
		{3FB7BCB1-55B6-428D-AF21-952C10865C3C}.Debug|x86.Build.0 = Debug|Any CPU
		{3FB7BCB1-55B6-428D-AF21-952C10865C3C}.Release|Any CPU.ActiveCfg = Release|Any CPU
		{3FB7BCB1-55B6-428D-AF21-952C10865C3C}.Release|Any CPU.Build.0 = Release|Any CPU
		{3FB7BCB1-55B6-428D-AF21-952C10865C3C}.Release|x64.ActiveCfg = Release|Any CPU
		{3FB7BCB1-55B6-428D-AF21-952C10865C3C}.Release|x64.Build.0 = Release|Any CPU
		{3FB7BCB1-55B6-428D-AF21-952C10865C3C}.Release|x86.ActiveCfg = Release|Any CPU
		{3FB7BCB1-55B6-428D-AF21-952C10865C3C}.Release|x86.Build.0 = Release|Any CPU
		{7661BA18-4670-4B68-BDB6-780EC39A4838}.Debug|Any CPU.ActiveCfg = Debug|Any CPU
		{7661BA18-4670-4B68-BDB6-780EC39A4838}.Debug|Any CPU.Build.0 = Debug|Any CPU
		{7661BA18-4670-4B68-BDB6-780EC39A4838}.Debug|x64.ActiveCfg = Debug|Any CPU
		{7661BA18-4670-4B68-BDB6-780EC39A4838}.Debug|x64.Build.0 = Debug|Any CPU
		{7661BA18-4670-4B68-BDB6-780EC39A4838}.Debug|x86.ActiveCfg = Debug|Any CPU
		{7661BA18-4670-4B68-BDB6-780EC39A4838}.Debug|x86.Build.0 = Debug|Any CPU
		{7661BA18-4670-4B68-BDB6-780EC39A4838}.Release|Any CPU.ActiveCfg = Release|Any CPU
		{7661BA18-4670-4B68-BDB6-780EC39A4838}.Release|Any CPU.Build.0 = Release|Any CPU
		{7661BA18-4670-4B68-BDB6-780EC39A4838}.Release|x64.ActiveCfg = Release|Any CPU
		{7661BA18-4670-4B68-BDB6-780EC39A4838}.Release|x64.Build.0 = Release|Any CPU
		{7661BA18-4670-4B68-BDB6-780EC39A4838}.Release|x86.ActiveCfg = Release|Any CPU
		{7661BA18-4670-4B68-BDB6-780EC39A4838}.Release|x86.Build.0 = Release|Any CPU
	EndGlobalSection
	GlobalSection(SolutionProperties) = preSolution
		HideSolutionNode = FALSE
	EndGlobalSection
	GlobalSection(ExtensibilityGlobals) = postSolution
		SolutionGuid = {DA017CDD-2CA7-44C4-9F92-A1BDF01C6CE4}
	EndGlobalSection
EndGlobal
